
Microsoft Visual Studio Solution File, Format Version 12.00
# Visual Studio Version 17
VisualStudioVersion = 17.13.35825.156 d17.13
MinimumVisualStudioVersion = 10.0.40219.1
Project("{FAE04EC0-301F-11D3-BF4B-00C04F79EFBC}") = "story", "story\story.csproj", "{1898D793-9441-43BD-AB19-3C81363F18DE}"
EndProject
Global
	GlobalSection(SolutionConfigurationPlatforms) = preSolution
		Debug|Any CPU = Debug|Any CPU
		Release|Any CPU = Release|Any CPU
	EndGlobalSection
	GlobalSection(ProjectConfigurationPlatforms) = postSolution
		{1898D793-9441-43BD-AB19-3C81363F18DE}.Debug|Any CPU.ActiveCfg = Debug|Any CPU
		{1898D793-9441-43BD-AB19-3C81363F18DE}.Debug|Any CPU.Build.0 = Debug|Any CPU
		{1898D793-9441-43BD-AB19-3C81363F18DE}.Release|Any CPU.ActiveCfg = Release|Any CPU
		{1898D793-9441-43BD-AB19-3C81363F18DE}.Release|Any CPU.Build.0 = Release|Any CPU
	EndGlobalSection
	GlobalSection(SolutionProperties) = preSolution
		HideSolutionNode = FALSE
	EndGlobalSection
	GlobalSection(ExtensibilityGlobals) = postSolution
		SolutionGuid = {805C9A7A-91C3-4BC1-931C-68392588B435}
	EndGlobalSection
EndGlobal
